
Microsoft Visual Studio Solution File, Format Version 12.00
# Visual Studio Version 17
VisualStudioVersion = 17.0.31903.59
MinimumVisualStudioVersion = 10.0.40219.1
Project("{2150E333-8FDC-42A3-9474-1A3956D46DE8}") = "src", "src", "{827E0CD3-B72D-47B6-A68D-7590B98EB39B}"
EndProject
Project("{FAE04EC0-301F-11D3-BF4B-00C04F79EFBC}") = "ProductApi.Domain", "src\ProductApi.Domain\ProductApi.Domain.csproj", "{12DCDB42-6E22-4056-9C64-F0DD9C62CE62}"
EndProject
Project("{FAE04EC0-301F-11D3-BF4B-00C04F79EFBC}") = "ProductApi.Application", "src\ProductApi.Application\ProductApi.Application.csproj", "{85D1E50D-B94B-46F6-B3EA-DD8B562F1C23}"
EndProject
Project("{FAE04EC0-301F-11D3-BF4B-00C04F79EFBC}") = "ProductApi.Infrastructure", "src\ProductApi.Infrastructure\ProductApi.Infrastructure.csproj", "{111CB4D4-896E-4AF9-8213-08111C577E86}"
EndProject
Project("{FAE04EC0-301F-11D3-BF4B-00C04F79EFBC}") = "ProductApi.Api", "src\ProductApi.Api\ProductApi.Api.csproj", "{842933E4-8059-45C4-89B2-82EDA181D6F7}"
EndProject
Project("{2150E333-8FDC-42A3-9474-1A3956D46DE8}") = "tests", "tests", "{0AB3BF05-4346-4AA6-1389-037BE0695223}"
EndProject
Project("{FAE04EC0-301F-11D3-BF4B-00C04F79EFBC}") = "ProductApi.UnitTests", "tests\ProductApi.UnitTests\ProductApi.UnitTests.csproj", "{41ACE0D9-179C-4214-9B63-0062F03C051B}"
EndProject
Project("{FAE04EC0-301F-11D3-BF4B-00C04F79EFBC}") = "ProductApi.IntegrationTests", "tests\ProductApi.IntegrationTests\ProductApi.IntegrationTests.csproj", "{5D29F806-004E-4868-B59C-6F724D2B7333}"
EndProject
Global
	GlobalSection(SolutionConfigurationPlatforms) = preSolution
		Debug|Any CPU = Debug|Any CPU
		Debug|x64 = Debug|x64
		Debug|x86 = Debug|x86
		Release|Any CPU = Release|Any CPU
		Release|x64 = Release|x64
		Release|x86 = Release|x86
	EndGlobalSection
	GlobalSection(ProjectConfigurationPlatforms) = postSolution
		{12DCDB42-6E22-4056-9C64-F0DD9C62CE62}.Debug|Any CPU.ActiveCfg = Debug|Any CPU
		{12DCDB42-6E22-4056-9C64-F0DD9C62CE62}.Debug|Any CPU.Build.0 = Debug|Any CPU
		{12DCDB42-6E22-4056-9C64-F0DD9C62CE62}.Debug|x64.ActiveCfg = Debug|Any CPU
		{12DCDB42-6E22-4056-9C64-F0DD9C62CE62}.Debug|x64.Build.0 = Debug|Any CPU
		{12DCDB42-6E22-4056-9C64-F0DD9C62CE62}.Debug|x86.ActiveCfg = Debug|Any CPU
		{12DCDB42-6E22-4056-9C64-F0DD9C62CE62}.Debug|x86.Build.0 = Debug|Any CPU
		{12DCDB42-6E22-4056-9C64-F0DD9C62CE62}.Release|Any CPU.ActiveCfg = Release|Any CPU
		{12DCDB42-6E22-4056-9C64-F0DD9C62CE62}.Release|Any CPU.Build.0 = Release|Any CPU
		{12DCDB42-6E22-4056-9C64-F0DD9C62CE62}.Release|x64.ActiveCfg = Release|Any CPU
		{12DCDB42-6E22-4056-9C64-F0DD9C62CE62}.Release|x64.Build.0 = Release|Any CPU
		{12DCDB42-6E22-4056-9C64-F0DD9C62CE62}.Release|x86.ActiveCfg = Release|Any CPU
		{12DCDB42-6E22-4056-9C64-F0DD9C62CE62}.Release|x86.Build.0 = Release|Any CPU
		{85D1E50D-B94B-46F6-B3EA-DD8B562F1C23}.Debug|Any CPU.ActiveCfg = Debug|Any CPU
		{85D1E50D-B94B-46F6-B3EA-DD8B562F1C23}.Debug|Any CPU.Build.0 = Debug|Any CPU
		{85D1E50D-B94B-46F6-B3EA-DD8B562F1C23}.Debug|x64.ActiveCfg = Debug|Any CPU
		{85D1E50D-B94B-46F6-B3EA-DD8B562F1C23}.Debug|x64.Build.0 = Debug|Any CPU
		{85D1E50D-B94B-46F6-B3EA-DD8B562F1C23}.Debug|x86.ActiveCfg = Debug|Any CPU
		{85D1E50D-B94B-46F6-B3EA-DD8B562F1C23}.Debug|x86.Build.0 = Debug|Any CPU
		{85D1E50D-B94B-46F6-B3EA-DD8B562F1C23}.Release|Any CPU.ActiveCfg = Release|Any CPU
		{85D1E50D-B94B-46F6-B3EA-DD8B562F1C23}.Release|Any CPU.Build.0 = Release|Any CPU
		{85D1E50D-B94B-46F6-B3EA-DD8B562F1C23}.Release|x64.ActiveCfg = Release|Any CPU
		{85D1E50D-B94B-46F6-B3EA-DD8B562F1C23}.Release|x64.Build.0 = Release|Any CPU
		{85D1E50D-B94B-46F6-B3EA-DD8B562F1C23}.Release|x86.ActiveCfg = Release|Any CPU
		{85D1E50D-B94B-46F6-B3EA-DD8B562F1C23}.Release|x86.Build.0 = Release|Any CPU
		{111CB4D4-896E-4AF9-8213-08111C577E86}.Debug|Any CPU.ActiveCfg = Debug|Any CPU
		{111CB4D4-896E-4AF9-8213-08111C577E86}.Debug|Any CPU.Build.0 = Debug|Any CPU
		{111CB4D4-896E-4AF9-8213-08111C577E86}.Debug|x64.ActiveCfg = Debug|Any CPU
		{111CB4D4-896E-4AF9-8213-08111C577E86}.Debug|x64.Build.0 = Debug|Any CPU
		{111CB4D4-896E-4AF9-8213-08111C577E86}.Debug|x86.ActiveCfg = Debug|Any CPU
		{111CB4D4-896E-4AF9-8213-08111C577E86}.Debug|x86.Build.0 = Debug|Any CPU
		{111CB4D4-896E-4AF9-8213-08111C577E86}.Release|Any CPU.ActiveCfg = Release|Any CPU
		{111CB4D4-896E-4AF9-8213-08111C577E86}.Release|Any CPU.Build.0 = Release|Any CPU
		{111CB4D4-896E-4AF9-8213-08111C577E86}.Release|x64.ActiveCfg = Release|Any CPU
		{111CB4D4-896E-4AF9-8213-08111C577E86}.Release|x64.Build.0 = Release|Any CPU
		{111CB4D4-896E-4AF9-8213-08111C577E86}.Release|x86.ActiveCfg = Release|Any CPU
		{111CB4D4-896E-4AF9-8213-08111C577E86}.Release|x86.Build.0 = Release|Any CPU
		{842933E4-8059-45C4-89B2-82EDA181D6F7}.Debug|Any CPU.ActiveCfg = Debug|Any CPU
		{842933E4-8059-45C4-89B2-82EDA181D6F7}.Debug|Any CPU.Build.0 = Debug|Any CPU
		{842933E4-8059-45C4-89B2-82EDA181D6F7}.Debug|x64.ActiveCfg = Debug|Any CPU
		{842933E4-8059-45C4-89B2-82EDA181D6F7}.Debug|x64.Build.0 = Debug|Any CPU
		{842933E4-8059-45C4-89B2-82EDA181D6F7}.Debug|x86.ActiveCfg = Debug|Any CPU
		{842933E4-8059-45C4-89B2-82EDA181D6F7}.Debug|x86.Build.0 = Debug|Any CPU
		{842933E4-8059-45C4-89B2-82EDA181D6F7}.Release|Any CPU.ActiveCfg = Release|Any CPU
		{842933E4-8059-45C4-89B2-82EDA181D6F7}.Release|Any CPU.Build.0 = Release|Any CPU
		{842933E4-8059-45C4-89B2-82EDA181D6F7}.Release|x64.ActiveCfg = Release|Any CPU
		{842933E4-8059-45C4-89B2-82EDA181D6F7}.Release|x64.Build.0 = Release|Any CPU
		{842933E4-8059-45C4-89B2-82EDA181D6F7}.Release|x86.ActiveCfg = Release|Any CPU
		{842933E4-8059-45C4-89B2-82EDA181D6F7}.Release|x86.Build.0 = Release|Any CPU
		{41ACE0D9-179C-4214-9B63-0062F03C051B}.Debug|Any CPU.ActiveCfg = Debug|Any CPU
		{41ACE0D9-179C-4214-9B63-0062F03C051B}.Debug|Any CPU.Build.0 = Debug|Any CPU
		{41ACE0D9-179C-4214-9B63-0062F03C051B}.Debug|x64.ActiveCfg = Debug|Any CPU
		{41ACE0D9-179C-4214-9B63-0062F03C051B}.Debug|x64.Build.0 = Debug|Any CPU
		{41ACE0D9-179C-4214-9B63-0062F03C051B}.Debug|x86.ActiveCfg = Debug|Any CPU
		{41ACE0D9-179C-4214-9B63-0062F03C051B}.Debug|x86.Build.0 = Debug|Any CPU
		{41ACE0D9-179C-4214-9B63-0062F03C051B}.Release|Any CPU.ActiveCfg = Release|Any CPU
		{41ACE0D9-179C-4214-9B63-0062F03C051B}.Release|Any CPU.Build.0 = Release|Any CPU
		{41ACE0D9-179C-4214-9B63-0062F03C051B}.Release|x64.ActiveCfg = Release|Any CPU
		{41ACE0D9-179C-4214-9B63-0062F03C051B}.Release|x64.Build.0 = Release|Any CPU
		{41ACE0D9-179C-4214-9B63-0062F03C051B}.Release|x86.ActiveCfg = Release|Any CPU
		{41ACE0D9-179C-4214-9B63-0062F03C051B}.Release|x86.Build.0 = Release|Any CPU
		{5D29F806-004E-4868-B59C-6F724D2B7333}.Debug|Any CPU.ActiveCfg = Debug|Any CPU
		{5D29F806-004E-4868-B59C-6F724D2B7333}.Debug|Any CPU.Build.0 = Debug|Any CPU
		{5D29F806-004E-4868-B59C-6F724D2B7333}.Debug|x64.ActiveCfg = Debug|Any CPU
		{5D29F806-004E-4868-B59C-6F724D2B7333}.Debug|x64.Build.0 = Debug|Any CPU
		{5D29F806-004E-4868-B59C-6F724D2B7333}.Debug|x86.ActiveCfg = Debug|Any CPU
		{5D29F806-004E-4868-B59C-6F724D2B7333}.Debug|x86.Build.0 = Debug|Any CPU
		{5D29F806-004E-4868-B59C-6F724D2B7333}.Release|Any CPU.ActiveCfg = Release|Any CPU
		{5D29F806-004E-4868-B59C-6F724D2B7333}.Release|Any CPU.Build.0 = Release|Any CPU
		{5D29F806-004E-4868-B59C-6F724D2B7333}.Release|x64.ActiveCfg = Release|Any CPU
		{5D29F806-004E-4868-B59C-6F724D2B7333}.Release|x64.Build.0 = Release|Any CPU
		{5D29F806-004E-4868-B59C-6F724D2B7333}.Release|x86.ActiveCfg = Release|Any CPU
		{5D29F806-004E-4868-B59C-6F724D2B7333}.Release|x86.Build.0 = Release|Any CPU
	EndGlobalSection
	GlobalSection(SolutionProperties) = preSolution
		HideSolutionNode = FALSE
	EndGlobalSection
	GlobalSection(NestedProjects) = preSolution
		{12DCDB42-6E22-4056-9C64-F0DD9C62CE62} = {827E0CD3-B72D-47B6-A68D-7590B98EB39B}
		{85D1E50D-B94B-46F6-B3EA-DD8B562F1C23} = {827E0CD3-B72D-47B6-A68D-7590B98EB39B}
		{111CB4D4-896E-4AF9-8213-08111C577E86} = {827E0CD3-B72D-47B6-A68D-7590B98EB39B}
		{842933E4-8059-45C4-89B2-82EDA181D6F7} = {827E0CD3-B72D-47B6-A68D-7590B98EB39B}
		{41ACE0D9-179C-4214-9B63-0062F03C051B} = {0AB3BF05-4346-4AA6-1389-037BE0695223}
		{5D29F806-004E-4868-B59C-6F724D2B7333} = {0AB3BF05-4346-4AA6-1389-037BE0695223}
	EndGlobalSection
EndGlobal
